
Microsoft Visual Studio Solution File, Format Version 12.00
# Visual Studio Version 17
VisualStudioVersion = 17.1.32210.238
MinimumVisualStudioVersion = 10.0.40219.1
Project("{9A19103F-16F7-4668-BE54-9A1E7A4F7556}") = "CashFlow.Data.Repository", "CashFlow.Data.Repository\CashFlow.Data.Repository.csproj", "{CC90985E-2AAF-44D9-A816-99F34779BFA7}"
EndProject
Project("{9A19103F-16F7-4668-BE54-9A1E7A4F7556}") = "CashFlow.Domain", "CashFlow.Domain\CashFlow.Domain.csproj", "{A34DC5D4-1D8D-4B12-997C-A8E6D6FF0E9F}"
EndProject
Project("{9A19103F-16F7-4668-BE54-9A1E7A4F7556}") = "CashFlow.Data.Model", "CashFlow.Data.Model\CashFlow.Data.Model.csproj", "{CF126A20-404F-4585-A4AB-8A48B10CFB97}"
EndProject
Project("{9A19103F-16F7-4668-BE54-9A1E7A4F7556}") = "CashFlow.Crosscutting.IoC", "CashFlow.Crosscutting.IoC\CashFlow.Crosscutting.IoC.csproj", "{F8E98135-0FE5-44A7-A9A3-ADF2C4D0F887}"
EndProject
Project("{FAE04EC0-301F-11D3-BF4B-00C04F79EFBC}") = "CashFlow.Lancamento.API", "CashFlow.Lancamento.API\CashFlow.Lancamento.API.csproj", "{23CE9AE6-9196-4D0A-BA05-DD47AEA17656}"
EndProject
Global
	GlobalSection(SolutionConfigurationPlatforms) = preSolution
		Debug|Any CPU = Debug|Any CPU
		Release|Any CPU = Release|Any CPU
	EndGlobalSection
	GlobalSection(ProjectConfigurationPlatforms) = postSolution
		{CC90985E-2AAF-44D9-A816-99F34779BFA7}.Debug|Any CPU.ActiveCfg = Debug|Any CPU
		{CC90985E-2AAF-44D9-A816-99F34779BFA7}.Debug|Any CPU.Build.0 = Debug|Any CPU
		{CC90985E-2AAF-44D9-A816-99F34779BFA7}.Release|Any CPU.ActiveCfg = Release|Any CPU
		{CC90985E-2AAF-44D9-A816-99F34779BFA7}.Release|Any CPU.Build.0 = Release|Any CPU
		{A34DC5D4-1D8D-4B12-997C-A8E6D6FF0E9F}.Debug|Any CPU.ActiveCfg = Debug|Any CPU
		{A34DC5D4-1D8D-4B12-997C-A8E6D6FF0E9F}.Debug|Any CPU.Build.0 = Debug|Any CPU
		{A34DC5D4-1D8D-4B12-997C-A8E6D6FF0E9F}.Release|Any CPU.ActiveCfg = Release|Any CPU
		{A34DC5D4-1D8D-4B12-997C-A8E6D6FF0E9F}.Release|Any CPU.Build.0 = Release|Any CPU
		{CF126A20-404F-4585-A4AB-8A48B10CFB97}.Debug|Any CPU.ActiveCfg = Debug|Any CPU
		{CF126A20-404F-4585-A4AB-8A48B10CFB97}.Debug|Any CPU.Build.0 = Debug|Any CPU
		{CF126A20-404F-4585-A4AB-8A48B10CFB97}.Release|Any CPU.ActiveCfg = Release|Any CPU
		{CF126A20-404F-4585-A4AB-8A48B10CFB97}.Release|Any CPU.Build.0 = Release|Any CPU
		{F8E98135-0FE5-44A7-A9A3-ADF2C4D0F887}.Debug|Any CPU.ActiveCfg = Debug|Any CPU
		{F8E98135-0FE5-44A7-A9A3-ADF2C4D0F887}.Debug|Any CPU.Build.0 = Debug|Any CPU
		{F8E98135-0FE5-44A7-A9A3-ADF2C4D0F887}.Release|Any CPU.ActiveCfg = Release|Any CPU
		{F8E98135-0FE5-44A7-A9A3-ADF2C4D0F887}.Release|Any CPU.Build.0 = Release|Any CPU
		{23CE9AE6-9196-4D0A-BA05-DD47AEA17656}.Debug|Any CPU.ActiveCfg = Debug|Any CPU
		{23CE9AE6-9196-4D0A-BA05-DD47AEA17656}.Debug|Any CPU.Build.0 = Debug|Any CPU
		{23CE9AE6-9196-4D0A-BA05-DD47AEA17656}.Release|Any CPU.ActiveCfg = Release|Any CPU
		{23CE9AE6-9196-4D0A-BA05-DD47AEA17656}.Release|Any CPU.Build.0 = Release|Any CPU
	EndGlobalSection
	GlobalSection(SolutionProperties) = preSolution
		HideSolutionNode = FALSE
	EndGlobalSection
	GlobalSection(ExtensibilityGlobals) = postSolution
		SolutionGuid = {E33B6D5B-4975-4F99-87CF-3DCB188C595A}
	EndGlobalSection
EndGlobal
